{
  "name": "OnslipAPI",
  "lockfileVersion": 3,
  "requires": true,
  "packages": {
    "": {
      "dependencies": {
        "@onslip/onslip-360-web-api": "^1.29.9"
      }
    },
    "node_modules/@divine/headers": {
      "version": "2.0.4",
      "resolved": "https://registry.npmjs.org/@divine/headers/-/headers-2.0.4.tgz",
      "integrity": "sha512-PsiLjw6QYbiPOdD3TOMimOyrUWfhw0adNxaqTw21HmZKOCrvTBlEPg2+K35j6WysFZMuKDQQNX07gU+evEW83A==",
      "dependencies": {
        "tslib": "^2.5.0"
      }
    },
    "node_modules/@divine/synchronization": {
      "version": "1.2.1",
      "resolved": "https://registry.npmjs.org/@divine/synchronization/-/synchronization-1.2.1.tgz",
      "integrity": "sha512-ReWu1nv6qQFy6qZKUJPIacZ3vYs6c/RP/UYNi6yI+skIi8kFsYiveWyNhGTj8nJeNsik7zy6fZqvupqkOP7Mbg==",
      "dependencies": {
        "denque": "^1.4.0",
        "tslib": "^2.0.0"
      }
    },
    "node_modules/@hapi/b64": {
      "version": "4.2.1",
      "resolved": "https://registry.npmjs.org/@hapi/b64/-/b64-4.2.1.tgz",
      "integrity": "sha512-zqHpQuH5CBMw6hADzKfU/IGNrxq1Q+/wTYV+OiZRQN9F3tMyk+9BUMeBvFRMamduuqL8iSp62QAnJ+7ATiYLWA==",
      "deprecated": "This version has been deprecated and is no longer supported or maintained",
      "dependencies": {
        "@hapi/hoek": "8.x.x"
      }
    },
    "node_modules/@hapi/boom": {
      "version": "7.4.11",
      "resolved": "https://registry.npmjs.org/@hapi/boom/-/boom-7.4.11.tgz",
      "integrity": "sha512-VSU/Cnj1DXouukYxxkes4nNJonCnlogHvIff1v1RVoN4xzkKhMXX+GRmb3NyH1iar10I9WFPDv2JPwfH3GaV0A==",
      "deprecated": "This version has been deprecated and is no longer supported or maintained",
      "dependencies": {
        "@hapi/hoek": "8.x.x"
      }
    },
    "node_modules/@hapi/bounce": {
      "version": "1.3.2",
      "resolved": "https://registry.npmjs.org/@hapi/bounce/-/bounce-1.3.2.tgz",
      "integrity": "sha512-3bnb1AlcEByFZnpDIidxQyw1Gds81z/1rSqlx4bIEE+wUN0ATj0D49B5cE1wGocy90Rp/de4tv7GjsKd5RQeew==",
      "deprecated": "This version has been deprecated and is no longer supported or maintained",
      "dependencies": {
        "@hapi/boom": "7.x.x",
        "@hapi/hoek": "^8.3.1"
      }
    },
    "node_modules/@hapi/cryptiles": {
      "version": "4.2.1",
      "resolved": "https://registry.npmjs.org/@hapi/cryptiles/-/cryptiles-4.2.1.tgz",
      "integrity": "sha512-XoqgKsHK0l/VpqPs+tr6j6vE+VQ3+2bkF2stvttmc7xAOf1oSAwHcJ0tlp/6MxMysktt1IEY0Csy3khKaP9/uQ==",
      "deprecated": "This version has been deprecated and is no longer supported or maintained",
      "dependencies": {
        "@hapi/boom": "7.x.x"
      }
    },
    "node_modules/@hapi/hawk": {
      "version": "7.1.2",
      "resolved": "https://registry.npmjs.org/@hapi/hawk/-/hawk-7.1.2.tgz",
      "integrity": "sha512-+r52MvVab7AIuRv9A/Lvei9dIEi21aD9w2rje5Qbu1+0ntdsK6pCVEfkCILgIczGsmPAmFJFTOnvAYg1YFPLng==",
      "dependencies": {
        "@hapi/b64": "4.x.x",
        "@hapi/boom": "7.x.x",
        "@hapi/cryptiles": "4.x.x",
        "@hapi/hoek": "8.x.x",
        "@hapi/sntp": "3.x.x"
      }
    },
    "node_modules/@hapi/hoek": {
      "version": "8.5.1",
      "resolved": "https://registry.npmjs.org/@hapi/hoek/-/hoek-8.5.1.tgz",
      "integrity": "sha512-yN7kbciD87WzLGc5539Tn0sApjyiGHAJgKvG9W8C7O+6c7qmoQMfVs0W4bX17eqz6C78QJqqFrtgdK5EWf6Qow==",
      "deprecated": "This version has been deprecated and is no longer supported or maintained"
    },
    "node_modules/@hapi/sntp": {
      "version": "3.1.2",
      "resolved": "https://registry.npmjs.org/@hapi/sntp/-/sntp-3.1.2.tgz",
      "integrity": "sha512-i2UehKbFPKtKVXhp4v7wV3qJxkGV2TAPlZ5YSpmsqv/2eygXYYI+etBJ5r4T8kbyslhxgqQyHNS6xstL92Vmrg==",
      "dependencies": {
        "@hapi/boom": "7.x.x",
        "@hapi/bounce": "1.x.x",
        "@hapi/hoek": "8.x.x",
        "@hapi/teamwork": "3.x.x"
      }
    },
    "node_modules/@hapi/teamwork": {
      "version": "3.3.1",
      "resolved": "https://registry.npmjs.org/@hapi/teamwork/-/teamwork-3.3.1.tgz",
      "integrity": "sha512-61tiqWCYvMKP7fCTXy0M4VE6uNIwA0qvgFoiDubgfj7uqJ0fdHJFQNnVPGrxhLWlwz0uBPWrQlBH7r8y9vFITQ==",
      "deprecated": "This version has been deprecated and is no longer supported or maintained"
    },
    "node_modules/@onslip/onslip-360-api": {
      "version": "1.29.9",
      "resolved": "https://registry.npmjs.org/@onslip/onslip-360-api/-/onslip-360-api-1.29.9.tgz",
      "integrity": "sha512-uezi/hzxpvyPEPWMLdVoGhDVOjhTKqSLUjH6KXbSHcT/ITJ+CJlYVBFFCZzOEapY7zpCA2KZGYXj+KDpqID04A=="
    },
    "node_modules/@onslip/onslip-360-web-api": {
      "version": "1.29.9",
      "resolved": "https://registry.npmjs.org/@onslip/onslip-360-web-api/-/onslip-360-web-api-1.29.9.tgz",
      "integrity": "sha512-WNfTae7BfrE7runCIY6NVLqutuDkrbZMJX/kMvhHnUeMyFV6xDcveVL7H7nKsDvqNF3K9nRoEteOCGJMAC4Q6w==",
      "dependencies": {
        "@divine/headers": "^2.0.0",
        "@divine/synchronization": "^1.2.1",
        "@hapi/hawk": "7.1.2",
        "@onslip/onslip-360-api": "~1.29.9"
      }
    },
    "node_modules/denque": {
      "version": "1.5.1",
      "resolved": "https://registry.npmjs.org/denque/-/denque-1.5.1.tgz",
      "integrity": "sha512-XwE+iZ4D6ZUB7mfYRMb5wByE8L74HCn30FBN7sWnXksWc1LO1bPDl67pBR9o/kC4z/xSNAwkMYcGgqDV3BE3Hw==",
      "engines": {
        "node": ">=0.10"
      }
    },
    "node_modules/tslib": {
      "version": "2.6.2",
      "resolved": "https://registry.npmjs.org/tslib/-/tslib-2.6.2.tgz",
      "integrity": "sha512-AEYxH93jGFPn/a2iVAwW87VuUIkR1FVUKB77NwMF7nBTDkDrrT/Hpt/IrCJ0QXhW27jTBDcf5ZY7w6RiqTMw2Q=="
    }
  }
}
